
Microsoft Visual Studio Solution File, Format Version 12.00
# Visual Studio Version 17
VisualStudioVersion = 17.9.34728.123
MinimumVisualStudioVersion = 10.0.40219.1
Project("{FAE04EC0-301F-11D3-BF4B-00C04F79EFBC}") = "VacationPlannerPro.Web", "VacationPlannerPro.Web\VacationPlannerPro.Web.csproj", "{70E1F62D-CB1B-4BC5-B8E5-7BE37D636572}"
EndProject
Global
	GlobalSection(SolutionConfigurationPlatforms) = preSolution
		Debug|Any CPU = Debug|Any CPU
		Release|Any CPU = Release|Any CPU
	EndGlobalSection
	GlobalSection(ProjectConfigurationPlatforms) = postSolution
		{70E1F62D-CB1B-4BC5-B8E5-7BE37D636572}.Debug|Any CPU.ActiveCfg = Debug|Any CPU
		{70E1F62D-CB1B-4BC5-B8E5-7BE37D636572}.Debug|Any CPU.Build.0 = Debug|Any CPU
		{70E1F62D-CB1B-4BC5-B8E5-7BE37D636572}.Release|Any CPU.ActiveCfg = Release|Any CPU
		{70E1F62D-CB1B-4BC5-B8E5-7BE37D636572}.Release|Any CPU.Build.0 = Release|Any CPU
	EndGlobalSection
	GlobalSection(SolutionProperties) = preSolution
		HideSolutionNode = FALSE
	EndGlobalSection
	GlobalSection(ExtensibilityGlobals) = postSolution
		SolutionGuid = {66BE4305-F182-47E2-8239-14F196055BAE}
	EndGlobalSection
EndGlobal
